
Microsoft Visual Studio Solution File, Format Version 12.00
# Visual Studio Version 17
VisualStudioVersion = 17.2.32616.157
MinimumVisualStudioVersion = 10.0.40219.1
Project("{FAE04EC0-301F-11D3-BF4B-00C04F79EFBC}") = "twoSum_4", "twoSum_4.csproj", "{1FDDF864-8D11-4747-8F68-490CDF1374A7}"
EndProject
Global
	GlobalSection(SolutionConfigurationPlatforms) = preSolution
		Debug|Any CPU = Debug|Any CPU
		Release|Any CPU = Release|Any CPU
	EndGlobalSection
	GlobalSection(ProjectConfigurationPlatforms) = postSolution
		{1FDDF864-8D11-4747-8F68-490CDF1374A7}.Debug|Any CPU.ActiveCfg = Debug|Any CPU
		{1FDDF864-8D11-4747-8F68-490CDF1374A7}.Debug|Any CPU.Build.0 = Debug|Any CPU
		{1FDDF864-8D11-4747-8F68-490CDF1374A7}.Release|Any CPU.ActiveCfg = Release|Any CPU
		{1FDDF864-8D11-4747-8F68-490CDF1374A7}.Release|Any CPU.Build.0 = Release|Any CPU
	EndGlobalSection
	GlobalSection(SolutionProperties) = preSolution
		HideSolutionNode = FALSE
	EndGlobalSection
	GlobalSection(ExtensibilityGlobals) = postSolution
		SolutionGuid = {7AA3AAB5-C2DE-48D7-93C8-8E54F7036667}
	EndGlobalSection
EndGlobal
